
Microsoft Visual Studio Solution File, Format Version 12.00
# Visual Studio Version 17
VisualStudioVersion = 17.9.34616.47
MinimumVisualStudioVersion = 10.0.40219.1
Project("{FAE04EC0-301F-11D3-BF4B-00C04F79EFBC}") = "Kalkulacka forms", "Kalkulacka forms.csproj", "{247DF435-16AE-42E0-8BFB-136810B51C6F}"
EndProject
Global
	GlobalSection(SolutionConfigurationPlatforms) = preSolution
		Debug|Any CPU = Debug|Any CPU
		Release|Any CPU = Release|Any CPU
	EndGlobalSection
	GlobalSection(ProjectConfigurationPlatforms) = postSolution
		{247DF435-16AE-42E0-8BFB-136810B51C6F}.Debug|Any CPU.ActiveCfg = Debug|Any CPU
		{247DF435-16AE-42E0-8BFB-136810B51C6F}.Debug|Any CPU.Build.0 = Debug|Any CPU
		{247DF435-16AE-42E0-8BFB-136810B51C6F}.Release|Any CPU.ActiveCfg = Release|Any CPU
		{247DF435-16AE-42E0-8BFB-136810B51C6F}.Release|Any CPU.Build.0 = Release|Any CPU
	EndGlobalSection
	GlobalSection(SolutionProperties) = preSolution
		HideSolutionNode = FALSE
	EndGlobalSection
	GlobalSection(ExtensibilityGlobals) = postSolution
		SolutionGuid = {E59F499D-0497-4431-909D-00CB05810A7A}
	EndGlobalSection
EndGlobal
